
Microsoft Visual Studio Solution File, Format Version 12.00
# Visual Studio Version 17
VisualStudioVersion = 17.1.32414.318
MinimumVisualStudioVersion = 10.0.40219.1
Project("{FAE04EC0-301F-11D3-BF4B-00C04F79EFBC}") = "ProyectoWebApi", "ProyectoWebApi.csproj", "{42D9D544-C36F-480A-9CFA-BDA266750F51}"
EndProject
Global
	GlobalSection(SolutionConfigurationPlatforms) = preSolution
		Debug|Any CPU = Debug|Any CPU
		Release|Any CPU = Release|Any CPU
	EndGlobalSection
	GlobalSection(ProjectConfigurationPlatforms) = postSolution
		{42D9D544-C36F-480A-9CFA-BDA266750F51}.Debug|Any CPU.ActiveCfg = Debug|Any CPU
		{42D9D544-C36F-480A-9CFA-BDA266750F51}.Debug|Any CPU.Build.0 = Debug|Any CPU
		{42D9D544-C36F-480A-9CFA-BDA266750F51}.Release|Any CPU.ActiveCfg = Release|Any CPU
		{42D9D544-C36F-480A-9CFA-BDA266750F51}.Release|Any CPU.Build.0 = Release|Any CPU
	EndGlobalSection
	GlobalSection(SolutionProperties) = preSolution
		HideSolutionNode = FALSE
	EndGlobalSection
	GlobalSection(ExtensibilityGlobals) = postSolution
		SolutionGuid = {07BAB0D9-EC8C-43ED-9EDB-9B12C3202D97}
	EndGlobalSection
EndGlobal
